
Microsoft Visual Studio Solution File, Format Version 12.00
# Visual Studio Version 17
VisualStudioVersion = 17.4.33213.308
MinimumVisualStudioVersion = 10.0.40219.1
Project("{FAE04EC0-301F-11D3-BF4B-00C04F79EFBC}") = "nVilchez_Lab2", "nVilchez_Lab2.csproj", "{30BA5BE4-9D63-45EA-BDA8-9D29EE329F4E}"
EndProject
Global
	GlobalSection(SolutionConfigurationPlatforms) = preSolution
		Debug|Any CPU = Debug|Any CPU
		Release|Any CPU = Release|Any CPU
	EndGlobalSection
	GlobalSection(ProjectConfigurationPlatforms) = postSolution
		{30BA5BE4-9D63-45EA-BDA8-9D29EE329F4E}.Debug|Any CPU.ActiveCfg = Debug|Any CPU
		{30BA5BE4-9D63-45EA-BDA8-9D29EE329F4E}.Debug|Any CPU.Build.0 = Debug|Any CPU
		{30BA5BE4-9D63-45EA-BDA8-9D29EE329F4E}.Release|Any CPU.ActiveCfg = Release|Any CPU
		{30BA5BE4-9D63-45EA-BDA8-9D29EE329F4E}.Release|Any CPU.Build.0 = Release|Any CPU
	EndGlobalSection
	GlobalSection(SolutionProperties) = preSolution
		HideSolutionNode = FALSE
	EndGlobalSection
	GlobalSection(ExtensibilityGlobals) = postSolution
		SolutionGuid = {01DA3810-C9AD-4794-8179-0F993D5E58EF}
	EndGlobalSection
EndGlobal
